
Microsoft Visual Studio Solution File, Format Version 12.00
# Visual Studio Version 16
VisualStudioVersion = 16.0.29306.81
MinimumVisualStudioVersion = 10.0.40219.1
Project("{9A19103F-16F7-4668-BE54-9A1E7A4F7556}") = "Sevaka", "Sevaka\Sevaka.csproj", "{2B7A15C5-2F87-4FC3-9B25-03C13E9054FC}"
EndProject
Project("{2150E333-8FDC-42A3-9474-1A3956D46DE8}") = "Solution Items", "Solution Items", "{F67E1897-6358-4C92-B807-D4772A0DE4DF}"
	ProjectSection(SolutionItems) = preProject
		.editorconfig = .editorconfig
	EndProjectSection
EndProject
Project("{9A19103F-16F7-4668-BE54-9A1E7A4F7556}") = "Sevaka.Specs", "Sevaka.Specs\Sevaka.Specs.csproj", "{936E699C-56E0-4138-B41C-089CAF1E557B}"
EndProject
Global
	GlobalSection(SolutionConfigurationPlatforms) = preSolution
		Debug|Any CPU = Debug|Any CPU
		Release|Any CPU = Release|Any CPU
	EndGlobalSection
	GlobalSection(ProjectConfigurationPlatforms) = postSolution
		{2B7A15C5-2F87-4FC3-9B25-03C13E9054FC}.Debug|Any CPU.ActiveCfg = Debug|Any CPU
		{2B7A15C5-2F87-4FC3-9B25-03C13E9054FC}.Debug|Any CPU.Build.0 = Debug|Any CPU
		{2B7A15C5-2F87-4FC3-9B25-03C13E9054FC}.Release|Any CPU.ActiveCfg = Release|Any CPU
		{2B7A15C5-2F87-4FC3-9B25-03C13E9054FC}.Release|Any CPU.Build.0 = Release|Any CPU
		{936E699C-56E0-4138-B41C-089CAF1E557B}.Debug|Any CPU.ActiveCfg = Debug|Any CPU
		{936E699C-56E0-4138-B41C-089CAF1E557B}.Debug|Any CPU.Build.0 = Debug|Any CPU
		{936E699C-56E0-4138-B41C-089CAF1E557B}.Release|Any CPU.ActiveCfg = Release|Any CPU
		{936E699C-56E0-4138-B41C-089CAF1E557B}.Release|Any CPU.Build.0 = Release|Any CPU
	EndGlobalSection
	GlobalSection(SolutionProperties) = preSolution
		HideSolutionNode = FALSE
	EndGlobalSection
	GlobalSection(ExtensibilityGlobals) = postSolution
		SolutionGuid = {0C0448B8-FBA2-43F6-9C74-3BAC5D010415}
	EndGlobalSection
EndGlobal
